
Microsoft Visual Studio Solution File, Format Version 12.00
# Visual Studio 2013
VisualStudioVersion = 12.0.40629.0
MinimumVisualStudioVersion = 10.0.40219.1
Project("{8BC9CEB8-8B4A-11D0-8D11-00A0C91BC942}") = "LANScanner", "LANScanner.vcxproj", "{262FC53D-E7C7-478B-9A0B-DC470DDBD309}"
EndProject
Global
	GlobalSection(SolutionConfigurationPlatforms) = preSolution
		CD_ROM|Win32 = CD_ROM|Win32
		Debug|Win32 = Debug|Win32
		DVD-5|Win32 = DVD-5|Win32
		Release|Win32 = Release|Win32
		SingleImage|Win32 = SingleImage|Win32
	EndGlobalSection
	GlobalSection(ProjectConfigurationPlatforms) = postSolution
		{262FC53D-E7C7-478B-9A0B-DC470DDBD309}.CD_ROM|Win32.ActiveCfg = Release|Win32
		{262FC53D-E7C7-478B-9A0B-DC470DDBD309}.CD_ROM|Win32.Build.0 = Release|Win32
		{262FC53D-E7C7-478B-9A0B-DC470DDBD309}.Debug|Win32.ActiveCfg = Debug|Win32
		{262FC53D-E7C7-478B-9A0B-DC470DDBD309}.Debug|Win32.Build.0 = Debug|Win32
		{262FC53D-E7C7-478B-9A0B-DC470DDBD309}.DVD-5|Win32.ActiveCfg = Debug|Win32
		{262FC53D-E7C7-478B-9A0B-DC470DDBD309}.DVD-5|Win32.Build.0 = Debug|Win32
		{262FC53D-E7C7-478B-9A0B-DC470DDBD309}.Release|Win32.ActiveCfg = Release|Win32
		{262FC53D-E7C7-478B-9A0B-DC470DDBD309}.Release|Win32.Build.0 = Release|Win32
		{262FC53D-E7C7-478B-9A0B-DC470DDBD309}.SingleImage|Win32.ActiveCfg = Release|Win32
		{262FC53D-E7C7-478B-9A0B-DC470DDBD309}.SingleImage|Win32.Build.0 = Release|Win32
	EndGlobalSection
	GlobalSection(SolutionProperties) = preSolution
		HideSolutionNode = FALSE
	EndGlobalSection
	GlobalSection(Performance) = preSolution
		HasPerformanceSessions = true
	EndGlobalSection
EndGlobal
